<?xml version="1.0" encoding="utf-8"?>
<Project ToolsVersion="4.0" xmlns="http://schemas.microsoft.com/developer/msbuild/2003">
  <ItemGroup>
    <Filter Include="Source Files">
      <UniqueIdentifier>{73f091df-d7aa-4c0b-8b74-efa358af523f}</UniqueIdentifier>
      <Extensions>cpp;c;cxx;rc;def;r;odl;idl;hpj;bat</Extensions>
    </Filter>
    <Filter Include="Header Files">
      <UniqueIdentifier>{efb74cb6-7d3d-404a-80c4-47973b905bb8}</UniqueIdentifier>
      <Extensions>h;hpp;hxx;hm;inl</Extensions>
    </Filter>
  </ItemGroup>
  <ItemGroup>
    <ClCompile Include="..\lib\dtsSDK\DTSBrushMesh.cpp">
      <Filter>Source Files</Filter>
    </ClCompile>
    <ClCompile Include="..\lib\dtsSDK\DTSMatrix.cpp">
      <Filter>Source Files</Filter>
    </ClCompile>
    <ClCompile Include="..\lib\dtsSDK\DTSMesh.cpp">
      <Filter>Source Files</Filter>
    </ClCompile>
    <ClCompile Include="..\lib\dtsSDK\DTSNormalTable.cpp">
      <Filter>Source Files</Filter>
    </ClCompile>
    <ClCompile Include="..\lib\dtsSDK\DTSQuaternion.cpp">
      <Filter>Source Files</Filter>
    </ClCompile>
    <ClCompile Include="..\lib\dtsSDK\DTSShape.cpp">
      <Filter>Source Files</Filter>
    </ClCompile>
  </ItemGroup>
  <ItemGroup>
    <ClInclude Include="..\lib\dtsSDK\DTSBrushMesh.h">
      <Filter>Header Files</Filter>
    </ClInclude>
    <ClInclude Include="..\lib\dtsSDK\DTSInputStream.h">
      <Filter>Header Files</Filter>
    </ClInclude>
    <ClInclude Include="..\lib\dtsSDK\DTSInterpolation.h">
      <Filter>Header Files</Filter>
    </ClInclude>
    <ClInclude Include="..\lib\dtsSDK\DTSMatrix.h">
      <Filter>Header Files</Filter>
    </ClInclude>
    <ClInclude Include="..\lib\dtsSDK\DTSMesh.h">
      <Filter>Header Files</Filter>
    </ClInclude>
    <ClInclude Include="..\lib\dtsSDK\DTSOutputStream.h">
      <Filter>Header Files</Filter>
    </ClInclude>
    <ClInclude Include="..\lib\dtsSDK\DTSPlugin.h">
      <Filter>Header Files</Filter>
    </ClInclude>
    <ClInclude Include="..\lib\dtsSDK\DTSPoint.h">
      <Filter>Header Files</Filter>
    </ClInclude>
    <ClInclude Include="..\lib\dtsSDK\DTSQuaternion.h">
      <Filter>Header Files</Filter>
    </ClInclude>
    <ClInclude Include="..\lib\dtsSDK\DTSShape.h">
      <Filter>Header Files</Filter>
    </ClInclude>
    <ClInclude Include="..\lib\dtsSDK\DTSTypes.h">
      <Filter>Header Files</Filter>
    </ClInclude>
    <ClInclude Include="..\lib\dtsSDK\DTSVector.h">
      <Filter>Header Files</Filter>
    </ClInclude>
  </ItemGroup>
</Project>