<?xml version="1.0" encoding="utf-8"?>
<Project ToolsVersion="4.0" xmlns="http://schemas.microsoft.com/developer/msbuild/2003">
  <ItemGroup>
    <Filter Include="Source Files">
      <UniqueIdentifier>{ff52b90a-a2d2-459c-87ea-e7a4a4db143e}</UniqueIdentifier>
      <Extensions>cpp;c;cxx;rc;def;r;odl;idl;hpj;bat</Extensions>
    </Filter>
    <Filter Include="Header Files">
      <UniqueIdentifier>{cc8563c0-dd5d-4d0f-9df6-cb4175786216}</UniqueIdentifier>
      <Extensions>h;hpp;hxx;hm;inl</Extensions>
    </Filter>
  </ItemGroup>
  <ItemGroup>
    <ClCompile Include="..\lib\ljpeg\jcapimin.c">
      <Filter>Source Files</Filter>
    </ClCompile>
    <ClCompile Include="..\lib\ljpeg\jcapistd.c">
      <Filter>Source Files</Filter>
    </ClCompile>
    <ClCompile Include="..\lib\ljpeg\jccoefct.c">
      <Filter>Source Files</Filter>
    </ClCompile>
    <ClCompile Include="..\lib\ljpeg\jccolor.c">
      <Filter>Source Files</Filter>
    </ClCompile>
    <ClCompile Include="..\lib\ljpeg\jcdctmgr.c">
      <Filter>Source Files</Filter>
    </ClCompile>
    <ClCompile Include="..\lib\ljpeg\jchuff.c">
      <Filter>Source Files</Filter>
    </ClCompile>
    <ClCompile Include="..\lib\ljpeg\jcinit.c">
      <Filter>Source Files</Filter>
    </ClCompile>
    <ClCompile Include="..\lib\ljpeg\jcmainct.c">
      <Filter>Source Files</Filter>
    </ClCompile>
    <ClCompile Include="..\lib\ljpeg\jcmarker.c">
      <Filter>Source Files</Filter>
    </ClCompile>
    <ClCompile Include="..\lib\ljpeg\jcmaster.c">
      <Filter>Source Files</Filter>
    </ClCompile>
    <ClCompile Include="..\lib\ljpeg\jcomapi.c">
      <Filter>Source Files</Filter>
    </ClCompile>
    <ClCompile Include="..\lib\ljpeg\jcparam.c">
      <Filter>Source Files</Filter>
    </ClCompile>
    <ClCompile Include="..\lib\ljpeg\jcphuff.c">
      <Filter>Source Files</Filter>
    </ClCompile>
    <ClCompile Include="..\lib\ljpeg\jcprepct.c">
      <Filter>Source Files</Filter>
    </ClCompile>
    <ClCompile Include="..\lib\ljpeg\jcsample.c">
      <Filter>Source Files</Filter>
    </ClCompile>
    <ClCompile Include="..\lib\ljpeg\jctrans.c">
      <Filter>Source Files</Filter>
    </ClCompile>
    <ClCompile Include="..\lib\ljpeg\jdapimin.c">
      <Filter>Source Files</Filter>
    </ClCompile>
    <ClCompile Include="..\lib\ljpeg\jdapistd.c">
      <Filter>Source Files</Filter>
    </ClCompile>
    <ClCompile Include="..\lib\ljpeg\jdatadst.c">
      <Filter>Source Files</Filter>
    </ClCompile>
    <ClCompile Include="..\lib\ljpeg\jdatasrc.c">
      <Filter>Source Files</Filter>
    </ClCompile>
    <ClCompile Include="..\lib\ljpeg\jdcoefct.c">
      <Filter>Source Files</Filter>
    </ClCompile>
    <ClCompile Include="..\lib\ljpeg\jdcolor.c">
      <Filter>Source Files</Filter>
    </ClCompile>
    <ClCompile Include="..\lib\ljpeg\jddctmgr.c">
      <Filter>Source Files</Filter>
    </ClCompile>
    <ClCompile Include="..\lib\ljpeg\jdhuff.c">
      <Filter>Source Files</Filter>
    </ClCompile>
    <ClCompile Include="..\lib\ljpeg\jdinput.c">
      <Filter>Source Files</Filter>
    </ClCompile>
    <ClCompile Include="..\lib\ljpeg\jdmainct.c">
      <Filter>Source Files</Filter>
    </ClCompile>
    <ClCompile Include="..\lib\ljpeg\jdmarker.c">
      <Filter>Source Files</Filter>
    </ClCompile>
    <ClCompile Include="..\lib\ljpeg\jdmaster.c">
      <Filter>Source Files</Filter>
    </ClCompile>
    <ClCompile Include="..\lib\ljpeg\jdmerge.c">
      <Filter>Source Files</Filter>
    </ClCompile>
    <ClCompile Include="..\lib\ljpeg\jdphuff.c">
      <Filter>Source Files</Filter>
    </ClCompile>
    <ClCompile Include="..\lib\ljpeg\jdpostct.c">
      <Filter>Source Files</Filter>
    </ClCompile>
    <ClCompile Include="..\lib\ljpeg\jdsample.c">
      <Filter>Source Files</Filter>
    </ClCompile>
    <ClCompile Include="..\lib\ljpeg\jdtrans.c">
      <Filter>Source Files</Filter>
    </ClCompile>
    <ClCompile Include="..\lib\ljpeg\jerror.c">
      <Filter>Source Files</Filter>
    </ClCompile>
    <ClCompile Include="..\lib\ljpeg\jfdctflt.c">
      <Filter>Source Files</Filter>
    </ClCompile>
    <ClCompile Include="..\lib\ljpeg\jfdctfst.c">
      <Filter>Source Files</Filter>
    </ClCompile>
    <ClCompile Include="..\lib\ljpeg\jfdctint.c">
      <Filter>Source Files</Filter>
    </ClCompile>
    <ClCompile Include="..\lib\ljpeg\jidctflt.c">
      <Filter>Source Files</Filter>
    </ClCompile>
    <ClCompile Include="..\lib\ljpeg\jidctfst.c">
      <Filter>Source Files</Filter>
    </ClCompile>
    <ClCompile Include="..\lib\ljpeg\jidctint.c">
      <Filter>Source Files</Filter>
    </ClCompile>
    <ClCompile Include="..\lib\ljpeg\jidctred.c">
      <Filter>Source Files</Filter>
    </ClCompile>
    <ClCompile Include="..\lib\ljpeg\jmemmgr.c">
      <Filter>Source Files</Filter>
    </ClCompile>
    <ClCompile Include="..\lib\ljpeg\jmemnobs.c">
      <Filter>Source Files</Filter>
    </ClCompile>
    <ClCompile Include="..\lib\ljpeg\jquant1.c">
      <Filter>Source Files</Filter>
    </ClCompile>
    <ClCompile Include="..\lib\ljpeg\jquant2.c">
      <Filter>Source Files</Filter>
    </ClCompile>
    <ClCompile Include="..\lib\ljpeg\jutils.c">
      <Filter>Source Files</Filter>
    </ClCompile>
  </ItemGroup>
  <ItemGroup>
    <ClInclude Include="..\lib\ljpeg\jchuff.h">
      <Filter>Header Files</Filter>
    </ClInclude>
    <ClInclude Include="..\lib\ljpeg\jconfig.h">
      <Filter>Header Files</Filter>
    </ClInclude>
    <ClInclude Include="..\lib\ljpeg\jconfig.vc.win.h">
      <Filter>Header Files</Filter>
    </ClInclude>
    <ClInclude Include="..\lib\ljpeg\jdct.h">
      <Filter>Header Files</Filter>
    </ClInclude>
    <ClInclude Include="..\lib\ljpeg\jdhuff.h">
      <Filter>Header Files</Filter>
    </ClInclude>
    <ClInclude Include="..\lib\ljpeg\jerror.h">
      <Filter>Header Files</Filter>
    </ClInclude>
    <ClInclude Include="..\lib\ljpeg\jinclude.h">
      <Filter>Header Files</Filter>
    </ClInclude>
    <ClInclude Include="..\lib\ljpeg\jmemsys.h">
      <Filter>Header Files</Filter>
    </ClInclude>
    <ClInclude Include="..\lib\ljpeg\jmorecfg.h">
      <Filter>Header Files</Filter>
    </ClInclude>
    <ClInclude Include="..\lib\ljpeg\jpegint.h">
      <Filter>Header Files</Filter>
    </ClInclude>
    <ClInclude Include="..\lib\ljpeg\jpeglib.h">
      <Filter>Header Files</Filter>
    </ClInclude>
    <ClInclude Include="..\lib\ljpeg\jversion.h">
      <Filter>Header Files</Filter>
    </ClInclude>
  </ItemGroup>
</Project>