<?xml version="1.0" encoding="utf-8"?>
<Project ToolsVersion="4.0" xmlns="http://schemas.microsoft.com/developer/msbuild/2003">
  <ItemGroup>
    <Filter Include="Source Files">
      <UniqueIdentifier>{92787362-1da9-4953-b085-17a8828e0fba}</UniqueIdentifier>
      <Extensions>cpp;c;cxx;rc;def;r;odl;idl;hpj;bat</Extensions>
    </Filter>
    <Filter Include="Header Files">
      <UniqueIdentifier>{6c15004d-5d37-431d-9081-ba4ab004bef7}</UniqueIdentifier>
      <Extensions>h;hpp;hxx;hm;inl</Extensions>
    </Filter>
  </ItemGroup>
  <ItemGroup>
    <ClCompile Include="..\lib\lmng\libmng_chunk_xs.c">
      <Filter>Source Files</Filter>
    </ClCompile>
    <ClCompile Include="..\lib\lmng\libmng_cms.c">
      <Filter>Source Files</Filter>
    </ClCompile>
    <ClCompile Include="..\lib\lmng\libmng_display.c">
      <Filter>Source Files</Filter>
    </ClCompile>
    <ClCompile Include="..\lib\lmng\libmng_dither.c">
      <Filter>Source Files</Filter>
    </ClCompile>
    <ClCompile Include="..\lib\lmng\libmng_error.c">
      <Filter>Source Files</Filter>
    </ClCompile>
    <ClCompile Include="..\lib\lmng\libmng_filter.c">
      <Filter>Source Files</Filter>
    </ClCompile>
    <ClCompile Include="..\lib\lmng\libmng_hlapi.c">
      <Filter>Source Files</Filter>
    </ClCompile>
    <ClCompile Include="..\lib\lmng\libmng_jpeg.c">
      <Filter>Source Files</Filter>
    </ClCompile>
    <ClCompile Include="..\lib\lmng\libmng_object_prc.c">
      <Filter>Source Files</Filter>
    </ClCompile>
    <ClCompile Include="..\lib\lmng\libmng_pixels.c">
      <Filter>Source Files</Filter>
    </ClCompile>
    <ClCompile Include="..\lib\lmng\libmng_prop_xs.c">
      <Filter>Source Files</Filter>
    </ClCompile>
    <ClCompile Include="..\lib\lmng\libmng_read.c">
      <Filter>Source Files</Filter>
    </ClCompile>
    <ClCompile Include="..\lib\lmng\libmng_trace.c">
      <Filter>Source Files</Filter>
    </ClCompile>
    <ClCompile Include="..\lib\lmng\libmng_write.c">
      <Filter>Source Files</Filter>
    </ClCompile>
    <ClCompile Include="..\lib\lmng\libmng_zlib.c">
      <Filter>Source Files</Filter>
    </ClCompile>
    <ClCompile Include="..\lib\lmng\libmng_callback_xs.c">
      <Filter>Source Files</Filter>
    </ClCompile>
    <ClCompile Include="..\lib\lmng\libmng_chunk_descr.c">
      <Filter>Source Files</Filter>
    </ClCompile>
    <ClCompile Include="..\lib\lmng\libmng_chunk_io.c">
      <Filter>Source Files</Filter>
    </ClCompile>
    <ClCompile Include="..\lib\lmng\libmng_chunk_prc.c">
      <Filter>Source Files</Filter>
    </ClCompile>
  </ItemGroup>
  <ItemGroup>
    <ClInclude Include="..\lib\lmng\libmng_chunks.h">
      <Filter>Header Files</Filter>
    </ClInclude>
    <ClInclude Include="..\lib\lmng\libmng_cms.h">
      <Filter>Header Files</Filter>
    </ClInclude>
    <ClInclude Include="..\lib\lmng\libmng_conf.h">
      <Filter>Header Files</Filter>
    </ClInclude>
    <ClInclude Include="..\lib\lmng\libmng_data.h">
      <Filter>Header Files</Filter>
    </ClInclude>
    <ClInclude Include="..\lib\lmng\libmng_display.h">
      <Filter>Header Files</Filter>
    </ClInclude>
    <ClInclude Include="..\lib\lmng\libmng_dither.h">
      <Filter>Header Files</Filter>
    </ClInclude>
    <ClInclude Include="..\lib\lmng\libmng_error.h">
      <Filter>Header Files</Filter>
    </ClInclude>
    <ClInclude Include="..\lib\lmng\libmng_filter.h">
      <Filter>Header Files</Filter>
    </ClInclude>
    <ClInclude Include="..\lib\lmng\libmng_jpeg.h">
      <Filter>Header Files</Filter>
    </ClInclude>
    <ClInclude Include="..\lib\lmng\libmng_memory.h">
      <Filter>Header Files</Filter>
    </ClInclude>
    <ClInclude Include="..\lib\lmng\libmng_object_prc.h">
      <Filter>Header Files</Filter>
    </ClInclude>
    <ClInclude Include="..\lib\lmng\libmng_objects.h">
      <Filter>Header Files</Filter>
    </ClInclude>
    <ClInclude Include="..\lib\lmng\libmng_pixels.h">
      <Filter>Header Files</Filter>
    </ClInclude>
    <ClInclude Include="..\lib\lmng\libmng_read.h">
      <Filter>Header Files</Filter>
    </ClInclude>
    <ClInclude Include="..\lib\lmng\libmng_trace.h">
      <Filter>Header Files</Filter>
    </ClInclude>
    <ClInclude Include="..\lib\lmng\libmng_types.h">
      <Filter>Header Files</Filter>
    </ClInclude>
    <ClInclude Include="..\lib\lmng\libmng_write.h">
      <Filter>Header Files</Filter>
    </ClInclude>
    <ClInclude Include="..\lib\lmng\libmng_zlib.h">
      <Filter>Header Files</Filter>
    </ClInclude>
    <ClInclude Include="..\lib\lmng\libmng.h">
      <Filter>Header Files</Filter>
    </ClInclude>
    <ClInclude Include="..\lib\lmng\libmng_chunk_descr.h">
      <Filter>Header Files</Filter>
    </ClInclude>
    <ClInclude Include="..\lib\lmng\libmng_chunk_io.h">
      <Filter>Header Files</Filter>
    </ClInclude>
    <ClInclude Include="..\lib\lmng\libmng_chunk_prc.h">
      <Filter>Header Files</Filter>
    </ClInclude>
  </ItemGroup>
</Project>