<?xml version="1.0" encoding="utf-8"?>
<Project ToolsVersion="4.0" xmlns="http://schemas.microsoft.com/developer/msbuild/2003">
  <ItemGroup>
    <Filter Include="Source Files">
      <UniqueIdentifier>{b73e1b09-ef79-45df-bfdf-c960803d900c}</UniqueIdentifier>
      <Extensions>cpp;c;cxx;rc;def;r;odl;idl;hpj;bat;cc</Extensions>
    </Filter>
    <Filter Include="Header Files">
      <UniqueIdentifier>{da38d1c4-9c1f-4c2d-b2ef-b239daebfd0e}</UniqueIdentifier>
      <Extensions>h;hpp;hxx;hm;inl</Extensions>
    </Filter>
    <Filter Include="Resource Files">
      <UniqueIdentifier>{54ea1746-d6df-4b57-a7ca-26476d9c8f53}</UniqueIdentifier>
      <Extensions>ico;cur;bmp;dlg;rc2;rct;bin;rgs;gif;jpg;jpeg;jpe</Extensions>
    </Filter>
  </ItemGroup>
  <ItemGroup>
    <ClCompile Include="..\tools\map2dif\bspNode.cpp">
      <Filter>Source Files</Filter>
    </ClCompile>
    <ClCompile Include="..\tools\map2dif\createLightmaps.cpp">
      <Filter>Source Files</Filter>
    </ClCompile>
    <ClCompile Include="..\tools\map2dif\csgBrush.cpp">
      <Filter>Source Files</Filter>
    </ClCompile>
    <ClCompile Include="..\tools\map2dif\editFloorPlanRes.cpp">
      <Filter>Source Files</Filter>
    </ClCompile>
    <ClCompile Include="..\tools\map2dif\editGeometry.cpp">
      <Filter>Source Files</Filter>
    </ClCompile>
    <ClCompile Include="..\tools\map2dif\editInteriorRes.cpp">
      <Filter>Source Files</Filter>
    </ClCompile>
    <ClCompile Include="..\tools\map2dif\entityTypes.cpp">
      <Filter>Source Files</Filter>
    </ClCompile>
    <ClCompile Include="..\tools\map2dif\exportGeometry.cpp">
      <Filter>Source Files</Filter>
    </ClCompile>
    <ClCompile Include="..\tools\map2dif\lmapPacker.cpp">
      <Filter>Source Files</Filter>
    </ClCompile>
    <ClCompile Include="..\tools\map2dif\main.cpp">
      <Filter>Source Files</Filter>
    </ClCompile>
    <ClCompile Include="..\tools\map2dif\morianUtil.cpp">
      <Filter>Source Files</Filter>
    </ClCompile>
    <ClCompile Include="..\tools\map2dif\navGraph.cpp">
      <Filter>Source Files</Filter>
    </ClCompile>
    <ClCompile Include="..\tools\map2dif\tokenizer.cpp">
      <Filter>Source Files</Filter>
    </ClCompile>
  </ItemGroup>
  <ItemGroup>
    <ClInclude Include="..\tools\map2dif\bspNode.h">
      <Filter>Header Files</Filter>
    </ClInclude>
    <ClInclude Include="..\tools\map2dif\createLightmaps.h">
      <Filter>Header Files</Filter>
    </ClInclude>
    <ClInclude Include="..\tools\map2dif\csgBrush.h">
      <Filter>Header Files</Filter>
    </ClInclude>
    <ClInclude Include="..\tools\map2dif\editFloorPlanRes.h">
      <Filter>Header Files</Filter>
    </ClInclude>
    <ClInclude Include="..\tools\map2dif\editGeometry.h">
      <Filter>Header Files</Filter>
    </ClInclude>
    <ClInclude Include="..\tools\map2dif\editInteriorRes.h">
      <Filter>Header Files</Filter>
    </ClInclude>
    <ClInclude Include="..\tools\map2dif\entityTypes.h">
      <Filter>Header Files</Filter>
    </ClInclude>
    <ClInclude Include="..\tools\map2dif\lmapPacker.h">
      <Filter>Header Files</Filter>
    </ClInclude>
    <ClInclude Include="..\tools\map2dif\morianBasics.h">
      <Filter>Header Files</Filter>
    </ClInclude>
    <ClInclude Include="..\tools\map2dif\morianGame.h">
      <Filter>Header Files</Filter>
    </ClInclude>
    <ClInclude Include="..\tools\map2dif\morianUtil.h">
      <Filter>Header Files</Filter>
    </ClInclude>
    <ClInclude Include="..\tools\map2dif\tokenizer.h">
      <Filter>Header Files</Filter>
    </ClInclude>
  </ItemGroup>
</Project>