<?xml version="1.0" encoding="utf-8"?>
<Project ToolsVersion="4.0" xmlns="http://schemas.microsoft.com/developer/msbuild/2003">
  <ItemGroup>
    <Filter Include="Source Files">
      <UniqueIdentifier>{7f818cbf-44ae-493b-b424-589aa6c7f062}</UniqueIdentifier>
      <Extensions>cpp;c;cxx;rc;def;r;odl;idl;hpj;bat;cc</Extensions>
    </Filter>
    <Filter Include="Header Files">
      <UniqueIdentifier>{32cbcd53-9d31-448b-8d7b-ac8215a0ed8f}</UniqueIdentifier>
      <Extensions>h;hpp;hxx;hm;inl</Extensions>
    </Filter>
    <Filter Include="Resource Files">
      <UniqueIdentifier>{a17969c0-3169-4790-9de9-fcdf3ee268c9}</UniqueIdentifier>
      <Extensions>ico;cur;bmp;dlg;rc2;rct;bin;rgs;gif;jpg;jpeg;jpe</Extensions>
    </Filter>
  </ItemGroup>
  <ItemGroup>
    <ClCompile Include="..\tools\map2dif plus\bspNode.cpp">
      <Filter>Source Files</Filter>
    </ClCompile>
    <ClCompile Include="..\tools\map2dif plus\convert.cpp">
      <Filter>Source Files</Filter>
    </ClCompile>
    <ClCompile Include="..\tools\map2dif plus\createLightmaps.cpp">
      <Filter>Source Files</Filter>
    </ClCompile>
    <ClCompile Include="..\tools\map2dif plus\csgBrush.cpp">
      <Filter>Source Files</Filter>
    </ClCompile>
    <ClCompile Include="..\tools\map2dif plus\editFloorPlanRes.cpp">
      <Filter>Source Files</Filter>
    </ClCompile>
    <ClCompile Include="..\tools\map2dif plus\editGeometry.cpp">
      <Filter>Source Files</Filter>
    </ClCompile>
    <ClCompile Include="..\tools\map2dif plus\editInteriorRes.cpp">
      <Filter>Source Files</Filter>
    </ClCompile>
    <ClCompile Include="..\tools\map2dif plus\entityTypes.cpp">
      <Filter>Source Files</Filter>
    </ClCompile>
    <ClCompile Include="..\tools\map2dif plus\exportGeometry.cpp">
      <Filter>Source Files</Filter>
    </ClCompile>
    <ClCompile Include="..\tools\map2dif plus\lmapPacker.cpp">
      <Filter>Source Files</Filter>
    </ClCompile>
    <ClCompile Include="..\tools\map2dif plus\main.cpp">
      <Filter>Source Files</Filter>
    </ClCompile>
    <ClCompile Include="..\tools\map2dif plus\morianUtil.cpp">
      <Filter>Source Files</Filter>
    </ClCompile>
    <ClCompile Include="..\tools\map2dif plus\navGraph.cpp">
      <Filter>Source Files</Filter>
    </ClCompile>
  </ItemGroup>
  <ItemGroup>
    <ClInclude Include="..\tools\map2dif plus\bspNode.h">
      <Filter>Header Files</Filter>
    </ClInclude>
    <ClInclude Include="..\tools\map2dif plus\convert.h">
      <Filter>Header Files</Filter>
    </ClInclude>
    <ClInclude Include="..\tools\map2dif plus\createLightmaps.h">
      <Filter>Header Files</Filter>
    </ClInclude>
    <ClInclude Include="..\tools\map2dif plus\csgBrush.h">
      <Filter>Header Files</Filter>
    </ClInclude>
    <ClInclude Include="..\tools\map2dif plus\editFloorPlanRes.h">
      <Filter>Header Files</Filter>
    </ClInclude>
    <ClInclude Include="..\tools\map2dif plus\editGeometry.h">
      <Filter>Header Files</Filter>
    </ClInclude>
    <ClInclude Include="..\tools\map2dif plus\editInteriorRes.h">
      <Filter>Header Files</Filter>
    </ClInclude>
    <ClInclude Include="..\tools\map2dif plus\entityTypes.h">
      <Filter>Header Files</Filter>
    </ClInclude>
    <ClInclude Include="..\tools\map2dif plus\lmapPacker.h">
      <Filter>Header Files</Filter>
    </ClInclude>
    <ClInclude Include="..\tools\map2dif plus\morianBasics.h">
      <Filter>Header Files</Filter>
    </ClInclude>
    <ClInclude Include="..\tools\map2dif plus\morianGame.h">
      <Filter>Header Files</Filter>
    </ClInclude>
    <ClInclude Include="..\tools\map2dif plus\morianUtil.h">
      <Filter>Header Files</Filter>
    </ClInclude>
  </ItemGroup>
</Project>