Microsoft Visual Studio Solution File, Format Version 12.00
# Visual Studio Version 16
VisualStudioVersion = 16.0.30907.101
MinimumVisualStudioVersion = 10.0.40219.1
Project("{8BC9CEB8-8B4A-11D0-8D11-00A0C91BC942}") = "Torque Shader Engine", "TSE.vcxproj", "{94A3B29A-A25F-43BB-B47F-FDC5BC8C6A38}"
EndProject
Project("{8BC9CEB8-8B4A-11D0-8D11-00A0C91BC942}") = "ljpeg", "ljpeg.vcxproj", "{CBC240D6-6629-4E38-8904-E75FEE155301}"
EndProject
Project("{8BC9CEB8-8B4A-11D0-8D11-00A0C91BC942}") = "lpng", "lpng.vcxproj", "{BCF7D520-CAF3-4CF6-8D1A-71A72EBDC146}"
EndProject
Project("{8BC9CEB8-8B4A-11D0-8D11-00A0C91BC942}") = "lungif", "lungif.vcxproj", "{18FE8124-85B6-4404-9C2C-143633711D36}"
EndProject
Project("{8BC9CEB8-8B4A-11D0-8D11-00A0C91BC942}") = "zlib", "zlib.vcxproj", "{26F69D9B-CED1-4F59-A572-700757F90F32}"
EndProject
Project("{8BC9CEB8-8B4A-11D0-8D11-00A0C91BC942}") = "libqslim", "libqslim.vcxproj", "{769921BE-547E-4BD6-99E1-FDF7705952BE}"
EndProject
Global
	GlobalSection(SolutionConfigurationPlatforms) = preSolution
		Debug|Win32 = Debug|Win32
		Optimized|Win32 = Optimized|Win32
		Release|Win32 = Release|Win32
	EndGlobalSection
	GlobalSection(ProjectConfigurationPlatforms) = postSolution
		{94A3B29A-A25F-43BB-B47F-FDC5BC8C6A38}.Debug|Win32.ActiveCfg = Debug|Win32
		{94A3B29A-A25F-43BB-B47F-FDC5BC8C6A38}.Debug|Win32.Build.0 = Debug|Win32
		{94A3B29A-A25F-43BB-B47F-FDC5BC8C6A38}.Optimized|Win32.ActiveCfg = Optimized|Win32
		{94A3B29A-A25F-43BB-B47F-FDC5BC8C6A38}.Optimized|Win32.Build.0 = Optimized|Win32
		{94A3B29A-A25F-43BB-B47F-FDC5BC8C6A38}.Release|Win32.ActiveCfg = Release|Win32
		{94A3B29A-A25F-43BB-B47F-FDC5BC8C6A38}.Release|Win32.Build.0 = Release|Win32
		{CBC240D6-6629-4E38-8904-E75FEE155301}.Debug|Win32.ActiveCfg = Debug|Win32
		{CBC240D6-6629-4E38-8904-E75FEE155301}.Debug|Win32.Build.0 = Debug|Win32
		{CBC240D6-6629-4E38-8904-E75FEE155301}.Optimized|Win32.ActiveCfg = Debug|Win32
		{CBC240D6-6629-4E38-8904-E75FEE155301}.Optimized|Win32.Build.0 = Debug|Win32
		{CBC240D6-6629-4E38-8904-E75FEE155301}.Release|Win32.ActiveCfg = Release|Win32
		{CBC240D6-6629-4E38-8904-E75FEE155301}.Release|Win32.Build.0 = Release|Win32
		{BCF7D520-CAF3-4CF6-8D1A-71A72EBDC146}.Debug|Win32.ActiveCfg = Debug|Win32
		{BCF7D520-CAF3-4CF6-8D1A-71A72EBDC146}.Debug|Win32.Build.0 = Debug|Win32
		{BCF7D520-CAF3-4CF6-8D1A-71A72EBDC146}.Optimized|Win32.ActiveCfg = Release|Win32
		{BCF7D520-CAF3-4CF6-8D1A-71A72EBDC146}.Optimized|Win32.Build.0 = Release|Win32
		{BCF7D520-CAF3-4CF6-8D1A-71A72EBDC146}.Release|Win32.ActiveCfg = Release|Win32
		{BCF7D520-CAF3-4CF6-8D1A-71A72EBDC146}.Release|Win32.Build.0 = Release|Win32
		{18FE8124-85B6-4404-9C2C-143633711D36}.Debug|Win32.ActiveCfg = Debug|Win32
		{18FE8124-85B6-4404-9C2C-143633711D36}.Debug|Win32.Build.0 = Debug|Win32
		{18FE8124-85B6-4404-9C2C-143633711D36}.Optimized|Win32.ActiveCfg = Debug|Win32
		{18FE8124-85B6-4404-9C2C-143633711D36}.Optimized|Win32.Build.0 = Debug|Win32
		{18FE8124-85B6-4404-9C2C-143633711D36}.Release|Win32.ActiveCfg = Release|Win32
		{18FE8124-85B6-4404-9C2C-143633711D36}.Release|Win32.Build.0 = Release|Win32
		{26F69D9B-CED1-4F59-A572-700757F90F32}.Debug|Win32.ActiveCfg = Debug|Win32
		{26F69D9B-CED1-4F59-A572-700757F90F32}.Debug|Win32.Build.0 = Debug|Win32
		{26F69D9B-CED1-4F59-A572-700757F90F32}.Optimized|Win32.ActiveCfg = Release|Win32
		{26F69D9B-CED1-4F59-A572-700757F90F32}.Optimized|Win32.Build.0 = Release|Win32
		{26F69D9B-CED1-4F59-A572-700757F90F32}.Release|Win32.ActiveCfg = Release|Win32
		{26F69D9B-CED1-4F59-A572-700757F90F32}.Release|Win32.Build.0 = Release|Win32
		{769921BE-547E-4BD6-99E1-FDF7705952BE}.Debug|Win32.ActiveCfg = Debug|Win32
		{769921BE-547E-4BD6-99E1-FDF7705952BE}.Debug|Win32.Build.0 = Debug|Win32
		{769921BE-547E-4BD6-99E1-FDF7705952BE}.Optimized|Win32.ActiveCfg = Release|Win32
		{769921BE-547E-4BD6-99E1-FDF7705952BE}.Optimized|Win32.Build.0 = Release|Win32
		{769921BE-547E-4BD6-99E1-FDF7705952BE}.Release|Win32.ActiveCfg = Release|Win32
		{769921BE-547E-4BD6-99E1-FDF7705952BE}.Release|Win32.Build.0 = Release|Win32
	EndGlobalSection
	GlobalSection(SolutionProperties) = preSolution
		HideSolutionNode = FALSE
	EndGlobalSection
	GlobalSection(ExtensibilityGlobals) = postSolution
		SolutionGuid = {96A2E822-3BE5-4BD3-A8D1-8BEFDB72F784}
	EndGlobalSection
EndGlobal
