<?xml version="1.0" encoding="utf-8"?>
<Project ToolsVersion="4.0" xmlns="http://schemas.microsoft.com/developer/msbuild/2003">
  <ItemGroup>
    <Filter Include="Source Files">
      <UniqueIdentifier>{4a716a7a-f09d-4eef-b343-c497edcf01cc}</UniqueIdentifier>
      <Extensions>cpp;c;cxx;rc;def;r;odl;idl;hpj;bat</Extensions>
    </Filter>
    <Filter Include="Header Files">
      <UniqueIdentifier>{b6f1d7f9-cded-4d6c-97a6-ac5fc6c9d248}</UniqueIdentifier>
      <Extensions>h;hpp;hxx;hm;inl</Extensions>
    </Filter>
  </ItemGroup>
  <ItemGroup>
    <ClCompile Include="..\lib\zlib\adler32.c">
      <Filter>Source Files</Filter>
    </ClCompile>
    <ClCompile Include="..\lib\zlib\compress.c">
      <Filter>Source Files</Filter>
    </ClCompile>
    <ClCompile Include="..\lib\zlib\crc32.c">
      <Filter>Source Files</Filter>
    </ClCompile>
    <ClCompile Include="..\lib\zlib\deflate.c">
      <Filter>Source Files</Filter>
    </ClCompile>
    <ClCompile Include="..\lib\zlib\gzio.c">
      <Filter>Source Files</Filter>
    </ClCompile>
    <ClCompile Include="..\lib\zlib\infblock.c">
      <Filter>Source Files</Filter>
    </ClCompile>
    <ClCompile Include="..\lib\zlib\infcodes.c">
      <Filter>Source Files</Filter>
    </ClCompile>
    <ClCompile Include="..\lib\zlib\inffast.c">
      <Filter>Source Files</Filter>
    </ClCompile>
    <ClCompile Include="..\lib\zlib\inflate.c">
      <Filter>Source Files</Filter>
    </ClCompile>
    <ClCompile Include="..\lib\zlib\inftrees.c">
      <Filter>Source Files</Filter>
    </ClCompile>
    <ClCompile Include="..\lib\zlib\infutil.c">
      <Filter>Source Files</Filter>
    </ClCompile>
    <ClCompile Include="..\lib\zlib\trees.c">
      <Filter>Source Files</Filter>
    </ClCompile>
    <ClCompile Include="..\lib\zlib\uncompr.c">
      <Filter>Source Files</Filter>
    </ClCompile>
    <ClCompile Include="..\lib\zlib\zutil.c">
      <Filter>Source Files</Filter>
    </ClCompile>
  </ItemGroup>
  <ItemGroup>
    <ClInclude Include="..\lib\zlib\deflate.h">
      <Filter>Header Files</Filter>
    </ClInclude>
    <ClInclude Include="..\lib\zlib\infblock.h">
      <Filter>Header Files</Filter>
    </ClInclude>
    <ClInclude Include="..\lib\zlib\infcodes.h">
      <Filter>Header Files</Filter>
    </ClInclude>
    <ClInclude Include="..\lib\zlib\inffast.h">
      <Filter>Header Files</Filter>
    </ClInclude>
    <ClInclude Include="..\lib\zlib\inffixed.h">
      <Filter>Header Files</Filter>
    </ClInclude>
    <ClInclude Include="..\lib\zlib\inftrees.h">
      <Filter>Header Files</Filter>
    </ClInclude>
    <ClInclude Include="..\lib\zlib\infutil.h">
      <Filter>Header Files</Filter>
    </ClInclude>
    <ClInclude Include="..\lib\zlib\trees.h">
      <Filter>Header Files</Filter>
    </ClInclude>
    <ClInclude Include="..\lib\zlib\zconf.h">
      <Filter>Header Files</Filter>
    </ClInclude>
    <ClInclude Include="..\lib\zlib\zlib.h">
      <Filter>Header Files</Filter>
    </ClInclude>
    <ClInclude Include="..\lib\zlib\zutil.h">
      <Filter>Header Files</Filter>
    </ClInclude>
  </ItemGroup>
</Project>