Microsoft Visual Studio Solution File, Format Version 9.00
# Visual C++ Express 2005
Project("{8BC9CEB8-8B4A-11D0-8D11-00A0C91BC942}") = "Torque Shader Engine", "TSE.vcproj", "{AB2BBBBE-BC30-47C6-842F-94BA56DF25BD}"
EndProject
Global
	GlobalSection(SolutionConfigurationPlatforms) = preSolution
		Debug|Win32 = Debug|Win32
		Optimized|Win32 = Optimized|Win32
		Release|Win32 = Release|Win32
	EndGlobalSection
	GlobalSection(ProjectConfigurationPlatforms) = postSolution
		{AB2BBBBE-BC30-47C6-842F-94BA56DF25BD}.Debug|Win32.ActiveCfg = Debug|Win32
		{AB2BBBBE-BC30-47C6-842F-94BA56DF25BD}.Debug|Win32.Build.0 = Debug|Win32
		{AB2BBBBE-BC30-47C6-842F-94BA56DF25BD}.Optimized|Win32.ActiveCfg = Optimized|Win32
		{AB2BBBBE-BC30-47C6-842F-94BA56DF25BD}.Optimized|Win32.Build.0 = Optimized|Win32
		{AB2BBBBE-BC30-47C6-842F-94BA56DF25BD}.Release|Win32.ActiveCfg = Release|Win32
		{AB2BBBBE-BC30-47C6-842F-94BA56DF25BD}.Release|Win32.Build.0 = Release|Win32
	EndGlobalSection
	GlobalSection(SolutionProperties) = preSolution
		HideSolutionNode = FALSE
	EndGlobalSection
EndGlobal
